
Microsoft Visual Studio Solution File, Format Version 12.00
# Visual Studio Version 17
VisualStudioVersion = 17.5.2.0
MinimumVisualStudioVersion = 10.0.40219.1
Project("{FAE04EC0-301F-11D3-BF4B-00C04F79EFBC}") = "BidCalculatorApp", "src\BidCalculatorApp\BidCalculatorApp.csproj", "{E6994AD7-5954-D0B7-1417-E0F340E46C80}"
EndProject
Project("{2150E333-8FDC-42A3-9474-1A3956D46DE8}") = "src", "src", "{7C288D93-2148-4679-9890-DBFCA0C59BCC}"
EndProject
Project("{2150E333-8FDC-42A3-9474-1A3956D46DE8}") = "tests", "tests", "{9F832627-4D82-4B5B-84A7-244E8480845E}"
EndProject
Project("{2150E333-8FDC-42A3-9474-1A3956D46DE8}") = "UnitTests", "UnitTests", "{404E5733-E635-5DE7-C5F4-7AB01AE342FA}"
EndProject
Project("{FAE04EC0-301F-11D3-BF4B-00C04F79EFBC}") = "tests", "tests\tests.csproj", "{2BB00E69-FCBB-468A-8AEC-06C3DEFF3C9A}"
EndProject
Global
	GlobalSection(SolutionConfigurationPlatforms) = preSolution
		Debug|Any CPU = Debug|Any CPU
		Debug|x64 = Debug|x64
		Debug|x86 = Debug|x86
		Release|Any CPU = Release|Any CPU
		Release|x64 = Release|x64
		Release|x86 = Release|x86
	EndGlobalSection
	GlobalSection(ProjectConfigurationPlatforms) = postSolution
		{E6994AD7-5954-D0B7-1417-E0F340E46C80}.Debug|Any CPU.ActiveCfg = Debug|Any CPU
		{E6994AD7-5954-D0B7-1417-E0F340E46C80}.Debug|Any CPU.Build.0 = Debug|Any CPU
		{E6994AD7-5954-D0B7-1417-E0F340E46C80}.Debug|x64.ActiveCfg = Debug|Any CPU
		{E6994AD7-5954-D0B7-1417-E0F340E46C80}.Debug|x64.Build.0 = Debug|Any CPU
		{E6994AD7-5954-D0B7-1417-E0F340E46C80}.Debug|x86.ActiveCfg = Debug|Any CPU
		{E6994AD7-5954-D0B7-1417-E0F340E46C80}.Debug|x86.Build.0 = Debug|Any CPU
		{E6994AD7-5954-D0B7-1417-E0F340E46C80}.Release|Any CPU.ActiveCfg = Release|Any CPU
		{E6994AD7-5954-D0B7-1417-E0F340E46C80}.Release|Any CPU.Build.0 = Release|Any CPU
		{E6994AD7-5954-D0B7-1417-E0F340E46C80}.Release|x64.ActiveCfg = Release|Any CPU
		{E6994AD7-5954-D0B7-1417-E0F340E46C80}.Release|x64.Build.0 = Release|Any CPU
		{E6994AD7-5954-D0B7-1417-E0F340E46C80}.Release|x86.ActiveCfg = Release|Any CPU
		{E6994AD7-5954-D0B7-1417-E0F340E46C80}.Release|x86.Build.0 = Release|Any CPU
		{2BB00E69-FCBB-468A-8AEC-06C3DEFF3C9A}.Debug|Any CPU.ActiveCfg = Debug|Any CPU
		{2BB00E69-FCBB-468A-8AEC-06C3DEFF3C9A}.Debug|Any CPU.Build.0 = Debug|Any CPU
		{2BB00E69-FCBB-468A-8AEC-06C3DEFF3C9A}.Debug|x64.ActiveCfg = Debug|Any CPU
		{2BB00E69-FCBB-468A-8AEC-06C3DEFF3C9A}.Debug|x64.Build.0 = Debug|Any CPU
		{2BB00E69-FCBB-468A-8AEC-06C3DEFF3C9A}.Debug|x86.ActiveCfg = Debug|Any CPU
		{2BB00E69-FCBB-468A-8AEC-06C3DEFF3C9A}.Debug|x86.Build.0 = Debug|Any CPU
		{2BB00E69-FCBB-468A-8AEC-06C3DEFF3C9A}.Release|Any CPU.ActiveCfg = Release|Any CPU
		{2BB00E69-FCBB-468A-8AEC-06C3DEFF3C9A}.Release|Any CPU.Build.0 = Release|Any CPU
		{2BB00E69-FCBB-468A-8AEC-06C3DEFF3C9A}.Release|x64.ActiveCfg = Release|Any CPU
		{2BB00E69-FCBB-468A-8AEC-06C3DEFF3C9A}.Release|x64.Build.0 = Release|Any CPU
		{2BB00E69-FCBB-468A-8AEC-06C3DEFF3C9A}.Release|x86.ActiveCfg = Release|Any CPU
		{2BB00E69-FCBB-468A-8AEC-06C3DEFF3C9A}.Release|x86.Build.0 = Release|Any CPU
	EndGlobalSection
	GlobalSection(SolutionProperties) = preSolution
		HideSolutionNode = FALSE
	EndGlobalSection
	GlobalSection(NestedProjects) = preSolution
		{404E5733-E635-5DE7-C5F4-7AB01AE342FA} = {9F832627-4D82-4B5B-84A7-244E8480845E}
		{2BB00E69-FCBB-468A-8AEC-06C3DEFF3C9A} = {404E5733-E635-5DE7-C5F4-7AB01AE342FA}
	EndGlobalSection
	GlobalSection(ExtensibilityGlobals) = postSolution
		SolutionGuid = {669E82AC-4D71-44CE-8617-9624ACC846B4}
	EndGlobalSection
EndGlobal
